
Microsoft Visual Studio Solution File, Format Version 12.00
# Visual Studio Version 17
VisualStudioVersion = 17.5.33516.290
MinimumVisualStudioVersion = 10.0.40219.1
Project("{9A19103F-16F7-4668-BE54-9A1E7A4F7556}") = "Business", "Business\Business.csproj", "{9357433A-21F7-4091-B5E3-5A1E587E66C6}"
EndProject
Project("{9A19103F-16F7-4668-BE54-9A1E7A4F7556}") = "ConsoleUI", "ConsoleUI\ConsoleUI.csproj", "{2D343120-B95B-4677-B09D-198A590F5A55}"
EndProject
Project("{9A19103F-16F7-4668-BE54-9A1E7A4F7556}") = "DataAccess", "DataAccess\DataAccess.csproj", "{BD042B75-DEF3-481F-8288-3EA99ADF4B0F}"
EndProject
Project("{9A19103F-16F7-4668-BE54-9A1E7A4F7556}") = "Entities", "Entities\Entities.csproj", "{0BDFBDB2-D1E2-4F6E-BD61-41BA5786D4B5}"
EndProject
Project("{9A19103F-16F7-4668-BE54-9A1E7A4F7556}") = "WebAPI", "WebAPI\WebAPI.csproj", "{5106A67C-EAE0-4BD1-9CD6-15F40C349F5D}"
EndProject
Project("{9A19103F-16F7-4668-BE54-9A1E7A4F7556}") = "Core", "Core\Core.csproj", "{C0874B09-08E0-4706-8714-F073B234ECE8}"
EndProject
Global
	GlobalSection(SolutionConfigurationPlatforms) = preSolution
		Debug|Any CPU = Debug|Any CPU
		Release|Any CPU = Release|Any CPU
	EndGlobalSection
	GlobalSection(ProjectConfigurationPlatforms) = postSolution
		{9357433A-21F7-4091-B5E3-5A1E587E66C6}.Debug|Any CPU.ActiveCfg = Debug|Any CPU
		{9357433A-21F7-4091-B5E3-5A1E587E66C6}.Debug|Any CPU.Build.0 = Debug|Any CPU
		{9357433A-21F7-4091-B5E3-5A1E587E66C6}.Release|Any CPU.ActiveCfg = Release|Any CPU
		{9357433A-21F7-4091-B5E3-5A1E587E66C6}.Release|Any CPU.Build.0 = Release|Any CPU
		{2D343120-B95B-4677-B09D-198A590F5A55}.Debug|Any CPU.ActiveCfg = Debug|Any CPU
		{2D343120-B95B-4677-B09D-198A590F5A55}.Debug|Any CPU.Build.0 = Debug|Any CPU
		{2D343120-B95B-4677-B09D-198A590F5A55}.Release|Any CPU.ActiveCfg = Release|Any CPU
		{2D343120-B95B-4677-B09D-198A590F5A55}.Release|Any CPU.Build.0 = Release|Any CPU
		{BD042B75-DEF3-481F-8288-3EA99ADF4B0F}.Debug|Any CPU.ActiveCfg = Debug|Any CPU
		{BD042B75-DEF3-481F-8288-3EA99ADF4B0F}.Debug|Any CPU.Build.0 = Debug|Any CPU
		{BD042B75-DEF3-481F-8288-3EA99ADF4B0F}.Release|Any CPU.ActiveCfg = Release|Any CPU
		{BD042B75-DEF3-481F-8288-3EA99ADF4B0F}.Release|Any CPU.Build.0 = Release|Any CPU
		{0BDFBDB2-D1E2-4F6E-BD61-41BA5786D4B5}.Debug|Any CPU.ActiveCfg = Debug|Any CPU
		{0BDFBDB2-D1E2-4F6E-BD61-41BA5786D4B5}.Debug|Any CPU.Build.0 = Debug|Any CPU
		{0BDFBDB2-D1E2-4F6E-BD61-41BA5786D4B5}.Release|Any CPU.ActiveCfg = Release|Any CPU
		{0BDFBDB2-D1E2-4F6E-BD61-41BA5786D4B5}.Release|Any CPU.Build.0 = Release|Any CPU
		{5106A67C-EAE0-4BD1-9CD6-15F40C349F5D}.Debug|Any CPU.ActiveCfg = Debug|Any CPU
		{5106A67C-EAE0-4BD1-9CD6-15F40C349F5D}.Debug|Any CPU.Build.0 = Debug|Any CPU
		{5106A67C-EAE0-4BD1-9CD6-15F40C349F5D}.Release|Any CPU.ActiveCfg = Release|Any CPU
		{5106A67C-EAE0-4BD1-9CD6-15F40C349F5D}.Release|Any CPU.Build.0 = Release|Any CPU
		{C0874B09-08E0-4706-8714-F073B234ECE8}.Debug|Any CPU.ActiveCfg = Debug|Any CPU
		{C0874B09-08E0-4706-8714-F073B234ECE8}.Debug|Any CPU.Build.0 = Debug|Any CPU
		{C0874B09-08E0-4706-8714-F073B234ECE8}.Release|Any CPU.ActiveCfg = Release|Any CPU
		{C0874B09-08E0-4706-8714-F073B234ECE8}.Release|Any CPU.Build.0 = Release|Any CPU
	EndGlobalSection
	GlobalSection(SolutionProperties) = preSolution
		HideSolutionNode = FALSE
	EndGlobalSection
	GlobalSection(ExtensibilityGlobals) = postSolution
		SolutionGuid = {99EE1201-5E28-42F3-B736-3FBB614BFD0A}
	EndGlobalSection
EndGlobal
